
Microsoft Visual Studio Solution File, Format Version 12.00
# Visual Studio Version 17
VisualStudioVersion = 17.0.31903.59
MinimumVisualStudioVersion = 10.0.40219.1
Project("{FAE04EC0-301F-11D3-BF4B-00C04F79EFBC}") = "Restaurant.Api", "Restaurant.Api\Restaurant.Api.csproj", "{8D1038C4-E88A-4AD7-997A-28E623165B21}"
EndProject
Project("{FAE04EC0-301F-11D3-BF4B-00C04F79EFBC}") = "Restaurant.Domain", "Restaurant.Domain\Restaurant.Domain.csproj", "{F1F90E0F-D5E8-4008-99C3-5A4705490630}"
EndProject
Project("{FAE04EC0-301F-11D3-BF4B-00C04F79EFBC}") = "Restaurant.Products", "Restaurant.Products\Restaurant.Products.csproj", "{51866BF7-8B47-403A-8616-60C19C497699}"
EndProject
Global
	GlobalSection(SolutionConfigurationPlatforms) = preSolution
		Debug|Any CPU = Debug|Any CPU
		Release|Any CPU = Release|Any CPU
	EndGlobalSection
	GlobalSection(SolutionProperties) = preSolution
		HideSolutionNode = FALSE
	EndGlobalSection
	GlobalSection(ProjectConfigurationPlatforms) = postSolution
		{8D1038C4-E88A-4AD7-997A-28E623165B21}.Debug|Any CPU.ActiveCfg = Debug|Any CPU
		{8D1038C4-E88A-4AD7-997A-28E623165B21}.Debug|Any CPU.Build.0 = Debug|Any CPU
		{8D1038C4-E88A-4AD7-997A-28E623165B21}.Release|Any CPU.ActiveCfg = Release|Any CPU
		{8D1038C4-E88A-4AD7-997A-28E623165B21}.Release|Any CPU.Build.0 = Release|Any CPU
		{F1F90E0F-D5E8-4008-99C3-5A4705490630}.Debug|Any CPU.ActiveCfg = Debug|Any CPU
		{F1F90E0F-D5E8-4008-99C3-5A4705490630}.Debug|Any CPU.Build.0 = Debug|Any CPU
		{F1F90E0F-D5E8-4008-99C3-5A4705490630}.Release|Any CPU.ActiveCfg = Release|Any CPU
		{F1F90E0F-D5E8-4008-99C3-5A4705490630}.Release|Any CPU.Build.0 = Release|Any CPU
		{51866BF7-8B47-403A-8616-60C19C497699}.Debug|Any CPU.ActiveCfg = Debug|Any CPU
		{51866BF7-8B47-403A-8616-60C19C497699}.Debug|Any CPU.Build.0 = Debug|Any CPU
		{51866BF7-8B47-403A-8616-60C19C497699}.Release|Any CPU.ActiveCfg = Release|Any CPU
		{51866BF7-8B47-403A-8616-60C19C497699}.Release|Any CPU.Build.0 = Release|Any CPU
	EndGlobalSection
EndGlobal
